
Microsoft Visual Studio Solution File, Format Version 12.00
# Visual Studio Version 16
VisualStudioVersion = 16.0.31515.178
MinimumVisualStudioVersion = 10.0.40219.1
Project("{FAE04EC0-301F-11D3-BF4B-00C04F79EFBC}") = "SampleWebAPI", "SampleWebAPI\SampleWebAPI.csproj", "{AA30308A-E186-47E7-B2EC-2ECEB84AACF5}"
EndProject
Global
	GlobalSection(SolutionConfigurationPlatforms) = preSolution
		Debug|Any CPU = Debug|Any CPU
		Release|Any CPU = Release|Any CPU
	EndGlobalSection
	GlobalSection(ProjectConfigurationPlatforms) = postSolution
		{AA30308A-E186-47E7-B2EC-2ECEB84AACF5}.Debug|Any CPU.ActiveCfg = Debug|Any CPU
		{AA30308A-E186-47E7-B2EC-2ECEB84AACF5}.Debug|Any CPU.Build.0 = Debug|Any CPU
		{AA30308A-E186-47E7-B2EC-2ECEB84AACF5}.Release|Any CPU.ActiveCfg = Release|Any CPU
		{AA30308A-E186-47E7-B2EC-2ECEB84AACF5}.Release|Any CPU.Build.0 = Release|Any CPU
	EndGlobalSection
	GlobalSection(SolutionProperties) = preSolution
		HideSolutionNode = FALSE
	EndGlobalSection
	GlobalSection(ExtensibilityGlobals) = postSolution
		SolutionGuid = {EE05CC05-C694-4F1C-8DD6-57EEA2CAEE0C}
	EndGlobalSection
EndGlobal
